
Microsoft Visual Studio Solution File, Format Version 12.00
# Visual Studio Version 16
VisualStudioVersion = 16.0.31729.503
MinimumVisualStudioVersion = 10.0.40219.1
Project("{9A19103F-16F7-4668-BE54-9A1E7A4F7556}") = "CandyesTask", "CandiesTask\CandyesTask.csproj", "{9E7C1084-6FB2-44A7-B441-473C38914638}"
EndProject
Global
	GlobalSection(SolutionConfigurationPlatforms) = preSolution
		Debug|Any CPU = Debug|Any CPU
		Release|Any CPU = Release|Any CPU
	EndGlobalSection
	GlobalSection(ProjectConfigurationPlatforms) = postSolution
		{9E7C1084-6FB2-44A7-B441-473C38914638}.Debug|Any CPU.ActiveCfg = Debug|Any CPU
		{9E7C1084-6FB2-44A7-B441-473C38914638}.Debug|Any CPU.Build.0 = Debug|Any CPU
		{9E7C1084-6FB2-44A7-B441-473C38914638}.Release|Any CPU.ActiveCfg = Release|Any CPU
		{9E7C1084-6FB2-44A7-B441-473C38914638}.Release|Any CPU.Build.0 = Release|Any CPU
	EndGlobalSection
	GlobalSection(SolutionProperties) = preSolution
		HideSolutionNode = FALSE
	EndGlobalSection
	GlobalSection(ExtensibilityGlobals) = postSolution
		SolutionGuid = {EF043E1C-EBB1-4C8B-B3AF-950EF2F25C2C}
	EndGlobalSection
EndGlobal
